// !$*UTF8*$!
{
	archiveVersion = 1;
	classes = {
	};
	objectVersion = 55;
	objects = {

/* Begin PBXBuildFile section */
		438F7A6927D374500024C260 /* AppDelegate.swift in Sources */ = {isa = PBXBuildFile; fileRef = 438F7A6827D374500024C260 /* AppDelegate.swift */; };
		438F7A6B27D374500024C260 /* SceneDelegate.swift in Sources */ = {isa = PBXBuildFile; fileRef = 438F7A6A27D374500024C260 /* SceneDelegate.swift */; };
		438F7A6D27D374500024C260 /* ViewController.swift in Sources */ = {isa = PBXBuildFile; fileRef = 438F7A6C27D374500024C260 /* ViewController.swift */; };
		438F7A7027D374500024C260 /* Main.storyboard in Resources */ = {isa = PBXBuildFile; fileRef = 438F7A6E27D374500024C260 /* Main.storyboard */; };
		438F7A7227D374510024C260 /* Assets.xcassets in Resources */ = {isa = PBXBuildFile; fileRef = 438F7A7127D374510024C260 /* Assets.xcassets */; };
		438F7A7527D374510024C260 /* LaunchScreen.storyboard in Resources */ = {isa = PBXBuildFile; fileRef = 438F7A7327D374510024C260 /* LaunchScreen.storyboard */; };
		438F7A8027D374510024C260 /* PokemonTests.swift in Sources */ = {isa = PBXBuildFile; fileRef = 438F7A7F27D374510024C260 /* PokemonTests.swift */; };
		438F7A8A27D374510024C260 /* PokemonUITests.swift in Sources */ = {isa = PBXBuildFile; fileRef = 438F7A8927D374510024C260 /* PokemonUITests.swift */; };
		438F7A8C27D374510024C260 /* PokemonUITestsLaunchTests.swift in Sources */ = {isa = PBXBuildFile; fileRef = 438F7A8B27D374510024C260 /* PokemonUITestsLaunchTests.swift */; };
		438F7A9927D375880024C260 /* Mappable.swift in Sources */ = {isa = PBXBuildFile; fileRef = 438F7A9827D375880024C260 /* Mappable.swift */; };
		438F7A9B27D378A40024C260 /* Sprite.swift in Sources */ = {isa = PBXBuildFile; fileRef = 438F7A9A27D378A40024C260 /* Sprite.swift */; };
		438F7A9D27D379BC0024C260 /* Pokemon.swift in Sources */ = {isa = PBXBuildFile; fileRef = 438F7A9C27D379BC0024C260 /* Pokemon.swift */; };
		438F7AA127D37AEA0024C260 /* Connection.swift in Sources */ = {isa = PBXBuildFile; fileRef = 438F7AA027D37AEA0024C260 /* Connection.swift */; };
		438F7AA327D3807A0024C260 /* MyCellTableViewCell.swift in Sources */ = {isa = PBXBuildFile; fileRef = 438F7AA227D3807A0024C260 /* MyCellTableViewCell.swift */; };
/* End PBXBuildFile section */

/* Begin PBXContainerItemProxy section */
		438F7A7C27D374510024C260 /* PBXContainerItemProxy */ = {
			isa = PBXContainerItemProxy;
			containerPortal = 438F7A5D27D374500024C260 /* Project object */;
			proxyType = 1;
			remoteGlobalIDString = 438F7A6427D374500024C260;
			remoteInfo = Pokemon;
		};
		438F7A8627D374510024C260 /* PBXContainerItemProxy */ = {
			isa = PBXContainerItemProxy;
			containerPortal = 438F7A5D27D374500024C260 /* Project object */;
			proxyType = 1;
			remoteGlobalIDString = 438F7A6427D374500024C260;
			remoteInfo = Pokemon;
		};
/* End PBXContainerItemProxy section */

/* Begin PBXFileReference section */
		438F7A6527D374500024C260 /* Pokemon.app */ = {isa = PBXFileReference; explicitFileType = wrapper.application; includeInIndex = 0; path = Pokemon.app; sourceTree = BUILT_PRODUCTS_DIR; };
		438F7A6827D374500024C260 /* AppDelegate.swift */ = {isa = PBXFileReference; lastKnownFileType = sourcecode.swift; path = AppDelegate.swift; sourceTree = "<group>"; };
		438F7A6A27D374500024C260 /* SceneDelegate.swift */ = {isa = PBXFileReference; lastKnownFileType = sourcecode.swift; path = SceneDelegate.swift; sourceTree = "<group>"; };
		438F7A6C27D374500024C260 /* ViewController.swift */ = {isa = PBXFileReference; lastKnownFileType = sourcecode.swift; path = ViewController.swift; sourceTree = "<group>"; };
		438F7A6F27D374500024C260 /* Base */ = {isa = PBXFileReference; lastKnownFileType = file.storyboard; name = Base; path = Base.lproj/Main.storyboard; sourceTree = "<group>"; };
		438F7A7127D374510024C260 /* Assets.xcassets */ = {isa = PBXFileReference; lastKnownFileType = folder.assetcatalog; path = Assets.xcassets; sourceTree = "<group>"; };
		438F7A7427D374510024C260 /* Base */ = {isa = PBXFileReference; lastKnownFileType = file.storyboard; name = Base; path = Base.lproj/LaunchScreen.storyboard; sourceTree = "<group>"; };
		438F7A7627D374510024C260 /* Info.plist */ = {isa = PBXFileReference; lastKnownFileType = text.plist.xml; path = Info.plist; sourceTree = "<group>"; };
		438F7A7B27D374510024C260 /* PokemonTests.xctest */ = {isa = PBXFileReference; explicitFileType = wrapper.cfbundle; includeInIndex = 0; path = PokemonTests.xctest; sourceTree = BUILT_PRODUCTS_DIR; };
		438F7A7F27D374510024C260 /* PokemonTests.swift */ = {isa = PBXFileReference; lastKnownFileType = sourcecode.swift; path = PokemonTests.swift; sourceTree = "<group>"; };
		438F7A8527D374510024C260 /* PokemonUITests.xctest */ = {isa = PBXFileReference; explicitFileType = wrapper.cfbundle; includeInIndex = 0; path = PokemonUITests.xctest; sourceTree = BUILT_PRODUCTS_DIR; };
		438F7A8927D374510024C260 /* PokemonUITests.swift */ = {isa = PBXFileReference; lastKnownFileType = sourcecode.swift; path = PokemonUITests.swift; sourceTree = "<group>"; };
		438F7A8B27D374510024C260 /* PokemonUITestsLaunchTests.swift */ = {isa = PBXFileReference; lastKnownFileType = sourcecode.swift; path = PokemonUITestsLaunchTests.swift; sourceTree = "<group>"; };
		438F7A9827D375880024C260 /* Mappable.swift */ = {isa = PBXFileReference; lastKnownFileType = sourcecode.swift; path = Mappable.swift; sourceTree = "<group>"; };
		438F7A9A27D378A40024C260 /* Sprite.swift */ = {isa = PBXFileReference; lastKnownFileType = sourcecode.swift; path = Sprite.swift; sourceTree = "<group>"; };
		438F7A9C27D379BC0024C260 /* Pokemon.swift */ = {isa = PBXFileReference; lastKnownFileType = sourcecode.swift; path = Pokemon.swift; sourceTree = "<group>"; };
		438F7AA027D37AEA0024C260 /* Connection.swift */ = {isa = PBXFileReference; lastKnownFileType = sourcecode.swift; path = Connection.swift; sourceTree = "<group>"; };
		438F7AA227D3807A0024C260 /* MyCellTableViewCell.swift */ = {isa = PBXFileReference; lastKnownFileType = sourcecode.swift; path = MyCellTableViewCell.swift; sourceTree = "<group>"; };
/* End PBXFileReference section */

/* Begin PBXFrameworksBuildPhase section */
		438F7A6227D374500024C260 /* Frameworks */ = {
			isa = PBXFrameworksBuildPhase;
			buildActionMask = 2147483647;
			files = (
			);
			runOnlyForDeploymentPostprocessing = 0;
		};
		438F7A7827D374510024C260 /* Frameworks */ = {
			isa = PBXFrameworksBuildPhase;
			buildActionMask = 2147483647;
			files = (
			);
			runOnlyForDeploymentPostprocessing = 0;
		};
		438F7A8227D374510024C260 /* Frameworks */ = {
			isa = PBXFrameworksBuildPhase;
			buildActionMask = 2147483647;
			files = (
			);
			runOnlyForDeploymentPostprocessing = 0;
		};
/* End PBXFrameworksBuildPhase section */

/* Begin PBXGroup section */
		438F7A5C27D374500024C260 = {
			isa = PBXGroup;
			children = (
				438F7A6727D374500024C260 /* Pokemon */,
				438F7A7E27D374510024C260 /* PokemonTests */,
				438F7A8827D374510024C260 /* PokemonUITests */,
				438F7A6627D374500024C260 /* Products */,
			);
			sourceTree = "<group>";
		};
		438F7A6627D374500024C260 /* Products */ = {
			isa = PBXGroup;
			children = (
				438F7A6527D374500024C260 /* Pokemon.app */,
				438F7A7B27D374510024C260 /* PokemonTests.xctest */,
				438F7A8527D374510024C260 /* PokemonUITests.xctest */,
			);
			name = Products;
			sourceTree = "<group>";
		};
		438F7A6727D374500024C260 /* Pokemon */ = {
			isa = PBXGroup;
			children = (
				438F7A6827D374500024C260 /* AppDelegate.swift */,
				438F7A6A27D374500024C260 /* SceneDelegate.swift */,
				438F7A6C27D374500024C260 /* ViewController.swift */,
				438F7A6E27D374500024C260 /* Main.storyboard */,
				438F7A7127D374510024C260 /* Assets.xcassets */,
				438F7A7327D374510024C260 /* LaunchScreen.storyboard */,
				438F7A7627D374510024C260 /* Info.plist */,
				438F7A9827D375880024C260 /* Mappable.swift */,
				438F7A9A27D378A40024C260 /* Sprite.swift */,
				438F7A9C27D379BC0024C260 /* Pokemon.swift */,
				438F7AA027D37AEA0024C260 /* Connection.swift */,
				438F7AA227D3807A0024C260 /* MyCellTableViewCell.swift */,
			);
			path = Pokemon;
			sourceTree = "<group>";
		};
		438F7A7E27D374510024C260 /* PokemonTests */ = {
			isa = PBXGroup;
			children = (
				438F7A7F27D374510024C260 /* PokemonTests.swift */,
			);
			path = PokemonTests;
			sourceTree = "<group>";
		};
		438F7A8827D374510024C260 /* PokemonUITests */ = {
			isa = PBXGroup;
			children = (
				438F7A8927D374510024C260 /* PokemonUITests.swift */,
				438F7A8B27D374510024C260 /* PokemonUITestsLaunchTests.swift */,
			);
			path = PokemonUITests;
			sourceTree = "<group>";
		};
/* End PBXGroup section */

/* Begin PBXNativeTarget section */
		438F7A6427D374500024C260 /* Pokemon */ = {
			isa = PBXNativeTarget;
			buildConfigurationList = 438F7A8F27D374510024C260 /* Build configuration list for PBXNativeTarget "Pokemon" */;
			buildPhases = (
				438F7A6127D374500024C260 /* Sources */,
				438F7A6227D374500024C260 /* Frameworks */,
				438F7A6327D374500024C260 /* Resources */,
			);
			buildRules = (
			);
			dependencies = (
			);
			name = Pokemon;
			productName = Pokemon;
			productReference = 438F7A6527D374500024C260 /* Pokemon.app */;
			productType = "com.apple.product-type.application";
		};
		438F7A7A27D374510024C260 /* PokemonTests */ = {
			isa = PBXNativeTarget;
			buildConfigurationList = 438F7A9227D374510024C260 /* Build configuration list for PBXNativeTarget "PokemonTests" */;
			buildPhases = (
				438F7A7727D374510024C260 /* Sources */,
				438F7A7827D374510024C260 /* Frameworks */,
				438F7A7927D374510024C260 /* Resources */,
			);
			buildRules = (
			);
			dependencies = (
				438F7A7D27D374510024C260 /* PBXTargetDependency */,
			);
			name = PokemonTests;
			productName = PokemonTests;
			productReference = 438F7A7B27D374510024C260 /* PokemonTests.xctest */;
			productType = "com.apple.product-type.bundle.unit-test";
		};
		438F7A8427D374510024C260 /* PokemonUITests */ = {
			isa = PBXNativeTarget;
			buildConfigurationList = 438F7A9527D374510024C260 /* Build configuration list for PBXNativeTarget "PokemonUITests" */;
			buildPhases = (
				438F7A8127D374510024C260 /* Sources */,
				438F7A8227D374510024C260 /* Frameworks */,
				438F7A8327D374510024C260 /* Resources */,
			);
			buildRules = (
			);
			dependencies = (
				438F7A8727D374510024C260 /* PBXTargetDependency */,
			);
			name = PokemonUITests;
			productName = PokemonUITests;
			productReference = 438F7A8527D374510024C260 /* PokemonUITests.xctest */;
			productType = "com.apple.product-type.bundle.ui-testing";
		};
/* End PBXNativeTarget section */

/* Begin PBXProject section */
		438F7A5D27D374500024C260 /* Project object */ = {
			isa = PBXProject;
			attributes = {
				BuildIndependentTargetsInParallel = 1;
				LastSwiftUpdateCheck = 1310;
				LastUpgradeCheck = 1310;
				TargetAttributes = {
					438F7A6427D374500024C260 = {
						CreatedOnToolsVersion = 13.1;
					};
					438F7A7A27D374510024C260 = {
						CreatedOnToolsVersion = 13.1;
						TestTargetID = 438F7A6427D374500024C260;
					};
					438F7A8427D374510024C260 = {
						CreatedOnToolsVersion = 13.1;
						TestTargetID = 438F7A6427D374500024C260;
					};
				};
			};
			buildConfigurationList = 438F7A6027D374500024C260 /* Build configuration list for PBXProject "Pokemon" */;
			compatibilityVersion = "Xcode 13.0";
			developmentRegion = en;
			hasScannedForEncodings = 0;
			knownRegions = (
				en,
				Base,
			);
			mainGroup = 438F7A5C27D374500024C260;
			productRefGroup = 438F7A6627D374500024C260 /* Products */;
			projectDirPath = "";
			projectRoot = "";
			targets = (
				438F7A6427D374500024C260 /* Pokemon */,
				438F7A7A27D374510024C260 /* PokemonTests */,
				438F7A8427D374510024C260 /* PokemonUITests */,
			);
		};
/* End PBXProject section */

/* Begin PBXResourcesBuildPhase section */
		438F7A6327D374500024C260 /* Resources */ = {
			isa = PBXResourcesBuildPhase;
			buildActionMask = 2147483647;
			files = (
				438F7A7527D374510024C260 /* LaunchScreen.storyboard in Resources */,
				438F7A7227D374510024C260 /* Assets.xcassets in Resources */,
				438F7A7027D374500024C260 /* Main.storyboard in Resources */,
			);
			runOnlyForDeploymentPostprocessing = 0;
		};
		438F7A7927D374510024C260 /* Resources */ = {
			isa = PBXResourcesBuildPhase;
			buildActionMask = 2147483647;
			files = (
			);
			runOnlyForDeploymentPostprocessing = 0;
		};
		438F7A8327D374510024C260 /* Resources */ = {
			isa = PBXResourcesBuildPhase;
			buildActionMask = 2147483647;
			files = (
			);
			runOnlyForDeploymentPostprocessing = 0;
		};
/* End PBXResourcesBuildPhase section */

/* Begin PBXSourcesBuildPhase section */
		438F7A6127D374500024C260 /* Sources */ = {
			isa = PBXSourcesBuildPhase;
			buildActionMask = 2147483647;
			files = (
				438F7A9B27D378A40024C260 /* Sprite.swift in Sources */,
				438F7A6D27D374500024C260 /* ViewController.swift in Sources */,
				438F7A6927D374500024C260 /* AppDelegate.swift in Sources */,
				438F7A6B27D374500024C260 /* SceneDelegate.swift in Sources */,
				438F7A9927D375880024C260 /* Mappable.swift in Sources */,
				438F7AA327D3807A0024C260 /* MyCellTableViewCell.swift in Sources */,
				438F7A9D27D379BC0024C260 /* Pokemon.swift in Sources */,
				438F7AA127D37AEA0024C260 /* Connection.swift in Sources */,
			);
			runOnlyForDeploymentPostprocessing = 0;
		};
		438F7A7727D374510024C260 /* Sources */ = {
			isa = PBXSourcesBuildPhase;
			buildActionMask = 2147483647;
			files = (
				438F7A8027D374510024C260 /* PokemonTests.swift in Sources */,
			);
			runOnlyForDeploymentPostprocessing = 0;
		};
		438F7A8127D374510024C260 /* Sources */ = {
			isa = PBXSourcesBuildPhase;
			buildActionMask = 2147483647;
			files = (
				438F7A8C27D374510024C260 /* PokemonUITestsLaunchTests.swift in Sources */,
				438F7A8A27D374510024C260 /* PokemonUITests.swift in Sources */,
			);
			runOnlyForDeploymentPostprocessing = 0;
		};
/* End PBXSourcesBuildPhase section */

/* Begin PBXTargetDependency section */
		438F7A7D27D374510024C260 /* PBXTargetDependency */ = {
			isa = PBXTargetDependency;
			target = 438F7A6427D374500024C260 /* Pokemon */;
			targetProxy = 438F7A7C27D374510024C260 /* PBXContainerItemProxy */;
		};
		438F7A8727D374510024C260 /* PBXTargetDependency */ = {
			isa = PBXTargetDependency;
			target = 438F7A6427D374500024C260 /* Pokemon */;
			targetProxy = 438F7A8627D374510024C260 /* PBXContainerItemProxy */;
		};
/* End PBXTargetDependency section */

/* Begin PBXVariantGroup section */
		438F7A6E27D374500024C260 /* Main.storyboard */ = {
			isa = PBXVariantGroup;
			children = (
				438F7A6F27D374500024C260 /* Base */,
			);
			name = Main.storyboard;
			sourceTree = "<group>";
		};
		438F7A7327D374510024C260 /* LaunchScreen.storyboard */ = {
			isa = PBXVariantGroup;
			children = (
				438F7A7427D374510024C260 /* Base */,
			);
			name = LaunchScreen.storyboard;
			sourceTree = "<group>";
		};
/* End PBXVariantGroup section */

/* Begin XCBuildConfiguration section */
		438F7A8D27D374510024C260 /* Debug */ = {
			isa = XCBuildConfiguration;
			buildSettings = {
				ALWAYS_SEARCH_USER_PATHS = NO;
				CLANG_ANALYZER_NONNULL = YES;
				CLANG_ANALYZER_NUMBER_OBJECT_CONVERSION = YES_AGGRESSIVE;
				CLANG_CXX_LANGUAGE_STANDARD = "gnu++17";
				CLANG_CXX_LIBRARY = "libc++";
				CLANG_ENABLE_MODULES = YES;
				CLANG_ENABLE_OBJC_ARC = YES;
				CLANG_ENABLE_OBJC_WEAK = YES;
				CLANG_WARN_BLOCK_CAPTURE_AUTORELEASING = YES;
				CLANG_WARN_BOOL_CONVERSION = YES;
				CLANG_WARN_COMMA = YES;
				CLANG_WARN_CONSTANT_CONVERSION = YES;
				CLANG_WARN_DEPRECATED_OBJC_IMPLEMENTATIONS = YES;
				CLANG_WARN_DIRECT_OBJC_ISA_USAGE = YES_ERROR;
				CLANG_WARN_DOCUMENTATION_COMMENTS = YES;
				CLANG_WARN_EMPTY_BODY = YES;
				CLANG_WARN_ENUM_CONVERSION = YES;
				CLANG_WARN_INFINITE_RECURSION = YES;
				CLANG_WARN_INT_CONVERSION = YES;
				CLANG_WARN_NON_LITERAL_NULL_CONVERSION = YES;
				CLANG_WARN_OBJC_IMPLICIT_RETAIN_SELF = YES;
				CLANG_WARN_OBJC_LITERAL_CONVERSION = YES;
				CLANG_WARN_OBJC_ROOT_CLASS = YES_ERROR;
				CLANG_WARN_QUOTED_INCLUDE_IN_FRAMEWORK_HEADER = YES;
				CLANG_WARN_RANGE_LOOP_ANALYSIS = YES;
				CLANG_WARN_STRICT_PROTOTYPES = YES;
				CLANG_WARN_SUSPICIOUS_MOVE = YES;
				CLANG_WARN_UNGUARDED_AVAILABILITY = YES_AGGRESSIVE;
				CLANG_WARN_UNREACHABLE_CODE = YES;
				CLANG_WARN__DUPLICATE_METHOD_MATCH = YES;
				COPY_PHASE_STRIP = NO;
				DEBUG_INFORMATION_FORMAT = dwarf;
				ENABLE_STRICT_OBJC_MSGSEND = YES;
				ENABLE_TESTABILITY = YES;
				GCC_C_LANGUAGE_STANDARD = gnu11;
				GCC_DYNAMIC_NO_PIC = NO;
				GCC_NO_COMMON_BLOCKS = YES;
				GCC_OPTIMIZATION_LEVEL = 0;
				GCC_PREPROCESSOR_DEFINITIONS = (
					"DEBUG=1",
					"$(inherited)",
				);
				GCC_WARN_64_TO_32_BIT_CONVERSION = YES;
				GCC_WARN_ABOUT_RETURN_TYPE = YES_ERROR;
				GCC_WARN_UNDECLARED_SELECTOR = YES;
				GCC_WARN_UNINITIALIZED_AUTOS = YES_AGGRESSIVE;
				GCC_WARN_UNUSED_FUNCTION = YES;
				GCC_WARN_UNUSED_VARIABLE = YES;
				IPHONEOS_DEPLOYMENT_TARGET = 15.0;
				MTL_ENABLE_DEBUG_INFO = INCLUDE_SOURCE;
				MTL_FAST_MATH = YES;
				ONLY_ACTIVE_ARCH = YES;
				SDKROOT = iphoneos;
				SWIFT_ACTIVE_COMPILATION_CONDITIONS = DEBUG;
				SWIFT_OPTIMIZATION_LEVEL = "-Onone";
			};
			name = Debug;
		};
		438F7A8E27D374510024C260 /* Release */ = {
			isa = XCBuildConfiguration;
			buildSettings = {
				ALWAYS_SEARCH_USER_PATHS = NO;
				CLANG_ANALYZER_NONNULL = YES;
				CLANG_ANALYZER_NUMBER_OBJECT_CONVERSION = YES_AGGRESSIVE;
				CLANG_CXX_LANGUAGE_STANDARD = "gnu++17";
				CLANG_CXX_LIBRARY = "libc++";
				CLANG_ENABLE_MODULES = YES;
				CLANG_ENABLE_OBJC_ARC = YES;
				CLANG_ENABLE_OBJC_WEAK = YES;
				CLANG_WARN_BLOCK_CAPTURE_AUTORELEASING = YES;
				CLANG_WARN_BOOL_CONVERSION = YES;
				CLANG_WARN_COMMA = YES;
				CLANG_WARN_CONSTANT_CONVERSION = YES;
				CLANG_WARN_DEPRECATED_OBJC_IMPLEMENTATIONS = YES;
				CLANG_WARN_DIRECT_OBJC_ISA_USAGE = YES_ERROR;
				CLANG_WARN_DOCUMENTATION_COMMENTS = YES;
				CLANG_WARN_EMPTY_BODY = YES;
				CLANG_WARN_ENUM_CONVERSION = YES;
				CLANG_WARN_INFINITE_RECURSION = YES;
				CLANG_WARN_INT_CONVERSION = YES;
				CLANG_WARN_NON_LITERAL_NULL_CONVERSION = YES;
				CLANG_WARN_OBJC_IMPLICIT_RETAIN_SELF = YES;
				CLANG_WARN_OBJC_LITERAL_CONVERSION = YES;
				CLANG_WARN_OBJC_ROOT_CLASS = YES_ERROR;
				CLANG_WARN_QUOTED_INCLUDE_IN_FRAMEWORK_HEADER = YES;
				CLANG_WARN_RANGE_LOOP_ANALYSIS = YES;
				CLANG_WARN_STRICT_PROTOTYPES = YES;
				CLANG_WARN_SUSPICIOUS_MOVE = YES;
				CLANG_WARN_UNGUARDED_AVAILABILITY = YES_AGGRESSIVE;
				CLANG_WARN_UNREACHABLE_CODE = YES;
				CLANG_WARN__DUPLICATE_METHOD_MATCH = YES;
				COPY_PHASE_STRIP = NO;
				DEBUG_INFORMATION_FORMAT = "dwarf-with-dsym";
				ENABLE_NS_ASSERTIONS = NO;
				ENABLE_STRICT_OBJC_MSGSEND = YES;
				GCC_C_LANGUAGE_STANDARD = gnu11;
				GCC_NO_COMMON_BLOCKS = YES;
				GCC_WARN_64_TO_32_BIT_CONVERSION = YES;
				GCC_WARN_ABOUT_RETURN_TYPE = YES_ERROR;
				GCC_WARN_UNDECLARED_SELECTOR = YES;
				GCC_WARN_UNINITIALIZED_AUTOS = YES_AGGRESSIVE;
				GCC_WARN_UNUSED_FUNCTION = YES;
				GCC_WARN_UNUSED_VARIABLE = YES;
				IPHONEOS_DEPLOYMENT_TARGET = 15.0;
				MTL_ENABLE_DEBUG_INFO = NO;
				MTL_FAST_MATH = YES;
				SDKROOT = iphoneos;
				SWIFT_COMPILATION_MODE = wholemodule;
				SWIFT_OPTIMIZATION_LEVEL = "-O";
				VALIDATE_PRODUCT = YES;
			};
			name = Release;
		};
		438F7A9027D374510024C260 /* Debug */ = {
			isa = XCBuildConfiguration;
			buildSettings = {
				ASSETCATALOG_COMPILER_APPICON_NAME = AppIcon;
				ASSETCATALOG_COMPILER_GLOBAL_ACCENT_COLOR_NAME = AccentColor;
				CODE_SIGN_STYLE = Automatic;
				CURRENT_PROJECT_VERSION = 1;
				GENERATE_INFOPLIST_FILE = YES;
				INFOPLIST_FILE = Pokemon/Info.plist;
				INFOPLIST_KEY_UIApplicationSupportsIndirectInputEvents = YES;
				INFOPLIST_KEY_UILaunchStoryboardName = LaunchScreen;
				INFOPLIST_KEY_UIMainStoryboardFile = Main;
				INFOPLIST_KEY_UISupportedInterfaceOrientations = "UIInterfaceOrientationPortrait UIInterfaceOrientationPortraitUpsideDown UIInterfaceOrientationLandscapeLeft UIInterfaceOrientationLandscapeRight";
				INFOPLIST_KEY_UISupportedInterfaceOrientations_iPad = "UIInterfaceOrientationPortrait UIInterfaceOrientationPortraitUpsideDown UIInterfaceOrientationLandscapeLeft UIInterfaceOrientationLandscapeRight";
				INFOPLIST_KEY_UISupportedInterfaceOrientations_iPhone = "UIInterfaceOrientationPortrait UIInterfaceOrientationLandscapeLeft UIInterfaceOrientationLandscapeRight";
				LD_RUNPATH_SEARCH_PATHS = (
					"$(inherited)",
					"@executable_path/Frameworks",
				);
				MARKETING_VERSION = 1.0;
				PRODUCT_BUNDLE_IDENTIFIER = Pokemon.Pokemon;
				PRODUCT_NAME = "$(TARGET_NAME)";
				SWIFT_EMIT_LOC_STRINGS = YES;
				SWIFT_VERSION = 5.0;
				TARGETED_DEVICE_FAMILY = "1,2";
			};
			name = Debug;
		};
		438F7A9127D374510024C260 /* Release */ = {
			isa = XCBuildConfiguration;
			buildSettings = {
				ASSETCATALOG_COMPILER_APPICON_NAME = AppIcon;
				ASSETCATALOG_COMPILER_GLOBAL_ACCENT_COLOR_NAME = AccentColor;
				CODE_SIGN_STYLE = Automatic;
				CURRENT_PROJECT_VERSION = 1;
				GENERATE_INFOPLIST_FILE = YES;
				INFOPLIST_FILE = Pokemon/Info.plist;
				INFOPLIST_KEY_UIApplicationSupportsIndirectInputEvents = YES;
				INFOPLIST_KEY_UILaunchStoryboardName = LaunchScreen;
				INFOPLIST_KEY_UIMainStoryboardFile = Main;
				INFOPLIST_KEY_UISupportedInterfaceOrientations = "UIInterfaceOrientationPortrait UIInterfaceOrientationPortraitUpsideDown UIInterfaceOrientationLandscapeLeft UIInterfaceOrientationLandscapeRight";
				INFOPLIST_KEY_UISupportedInterfaceOrientations_iPad = "UIInterfaceOrientationPortrait UIInterfaceOrientationPortraitUpsideDown UIInterfaceOrientationLandscapeLeft UIInterfaceOrientationLandscapeRight";
				INFOPLIST_KEY_UISupportedInterfaceOrientations_iPhone = "UIInterfaceOrientationPortrait UIInterfaceOrientationLandscapeLeft UIInterfaceOrientationLandscapeRight";
				LD_RUNPATH_SEARCH_PATHS = (
					"$(inherited)",
					"@executable_path/Frameworks",
				);
				MARKETING_VERSION = 1.0;
				PRODUCT_BUNDLE_IDENTIFIER = Pokemon.Pokemon;
				PRODUCT_NAME = "$(TARGET_NAME)";
				SWIFT_EMIT_LOC_STRINGS = YES;
				SWIFT_VERSION = 5.0;
				TARGETED_DEVICE_FAMILY = "1,2";
			};
			name = Release;
		};
		438F7A9327D374510024C260 /* Debug */ = {
			isa = XCBuildConfiguration;
			buildSettings = {
				ALWAYS_EMBED_SWIFT_STANDARD_LIBRARIES = YES;
				BUNDLE_LOADER = "$(TEST_HOST)";
				CODE_SIGN_STYLE = Automatic;
				CURRENT_PROJECT_VERSION = 1;
				GENERATE_INFOPLIST_FILE = YES;
				IPHONEOS_DEPLOYMENT_TARGET = 15.0;
				LD_RUNPATH_SEARCH_PATHS = (
					"$(inherited)",
					"@executable_path/Frameworks",
					"@loader_path/Frameworks",
				);
				MARKETING_VERSION = 1.0;
				PRODUCT_BUNDLE_IDENTIFIER = Pokemon.PokemonTests;
				PRODUCT_NAME = "$(TARGET_NAME)";
				SWIFT_EMIT_LOC_STRINGS = NO;
				SWIFT_VERSION = 5.0;
				TARGETED_DEVICE_FAMILY = "1,2";
				TEST_HOST = "$(BUILT_PRODUCTS_DIR)/Pokemon.app/Pokemon";
			};
			name = Debug;
		};
		438F7A9427D374510024C260 /* Release */ = {
			isa = XCBuildConfiguration;
			buildSettings = {
				ALWAYS_EMBED_SWIFT_STANDARD_LIBRARIES = YES;
				BUNDLE_LOADER = "$(TEST_HOST)";
				CODE_SIGN_STYLE = Automatic;
				CURRENT_PROJECT_VERSION = 1;
				GENERATE_INFOPLIST_FILE = YES;
				IPHONEOS_DEPLOYMENT_TARGET = 15.0;
				LD_RUNPATH_SEARCH_PATHS = (
					"$(inherited)",
					"@executable_path/Frameworks",
					"@loader_path/Frameworks",
				);
				MARKETING_VERSION = 1.0;
				PRODUCT_BUNDLE_IDENTIFIER = Pokemon.PokemonTests;
				PRODUCT_NAME = "$(TARGET_NAME)";
				SWIFT_EMIT_LOC_STRINGS = NO;
				SWIFT_VERSION = 5.0;
				TARGETED_DEVICE_FAMILY = "1,2";
				TEST_HOST = "$(BUILT_PRODUCTS_DIR)/Pokemon.app/Pokemon";
			};
			name = Release;
		};
		438F7A9627D374510024C260 /* Debug */ = {
			isa = XCBuildConfiguration;
			buildSettings = {
				ALWAYS_EMBED_SWIFT_STANDARD_LIBRARIES = YES;
				CODE_SIGN_STYLE = Automatic;
				CURRENT_PROJECT_VERSION = 1;
				GENERATE_INFOPLIST_FILE = YES;
				LD_RUNPATH_SEARCH_PATHS = (
					"$(inherited)",
					"@executable_path/Frameworks",
					"@loader_path/Frameworks",
				);
				MARKETING_VERSION = 1.0;
				PRODUCT_BUNDLE_IDENTIFIER = Pokemon.PokemonUITests;
				PRODUCT_NAME = "$(TARGET_NAME)";
				SWIFT_EMIT_LOC_STRINGS = NO;
				SWIFT_VERSION = 5.0;
				TARGETED_DEVICE_FAMILY = "1,2";
				TEST_TARGET_NAME = Pokemon;
			};
			name = Debug;
		};
		438F7A9727D374510024C260 /* Release */ = {
			isa = XCBuildConfiguration;
			buildSettings = {
				ALWAYS_EMBED_SWIFT_STANDARD_LIBRARIES = YES;
				CODE_SIGN_STYLE = Automatic;
				CURRENT_PROJECT_VERSION = 1;
				GENERATE_INFOPLIST_FILE = YES;
				LD_RUNPATH_SEARCH_PATHS = (
					"$(inherited)",
					"@executable_path/Frameworks",
					"@loader_path/Frameworks",
				);
				MARKETING_VERSION = 1.0;
				PRODUCT_BUNDLE_IDENTIFIER = Pokemon.PokemonUITests;
				PRODUCT_NAME = "$(TARGET_NAME)";
				SWIFT_EMIT_LOC_STRINGS = NO;
				SWIFT_VERSION = 5.0;
				TARGETED_DEVICE_FAMILY = "1,2";
				TEST_TARGET_NAME = Pokemon;
			};
			name = Release;
		};
/* End XCBuildConfiguration section */

/* Begin XCConfigurationList section */
		438F7A6027D374500024C260 /* Build configuration list for PBXProject "Pokemon" */ = {
			isa = XCConfigurationList;
			buildConfigurations = (
				438F7A8D27D374510024C260 /* Debug */,
				438F7A8E27D374510024C260 /* Release */,
			);
			defaultConfigurationIsVisible = 0;
			defaultConfigurationName = Release;
		};
		438F7A8F27D374510024C260 /* Build configuration list for PBXNativeTarget "Pokemon" */ = {
			isa = XCConfigurationList;
			buildConfigurations = (
				438F7A9027D374510024C260 /* Debug */,
				438F7A9127D374510024C260 /* Release */,
			);
			defaultConfigurationIsVisible = 0;
			defaultConfigurationName = Release;
		};
		438F7A9227D374510024C260 /* Build configuration list for PBXNativeTarget "PokemonTests" */ = {
			isa = XCConfigurationList;
			buildConfigurations = (
				438F7A9327D374510024C260 /* Debug */,
				438F7A9427D374510024C260 /* Release */,
			);
			defaultConfigurationIsVisible = 0;
			defaultConfigurationName = Release;
		};
		438F7A9527D374510024C260 /* Build configuration list for PBXNativeTarget "PokemonUITests" */ = {
			isa = XCConfigurationList;
			buildConfigurations = (
				438F7A9627D374510024C260 /* Debug */,
				438F7A9727D374510024C260 /* Release */,
			);
			defaultConfigurationIsVisible = 0;
			defaultConfigurationName = Release;
		};
/* End XCConfigurationList section */
	};
	rootObject = 438F7A5D27D374500024C260 /* Project object */;
}
